// !$*UTF8*$!
{
	archiveVersion = 1;
	classes = {
	};
	objectVersion = 46;
	objects = {

/* Begin PBXBuildFile section */
		519149041E836B58004254E5 /* main.m in Sources */ = {isa = PBXBuildFile; fileRef = 519149031E836B58004254E5 /* main.m */; };
		519149071E836B58004254E5 /* AppDelegate.m in Sources */ = {isa = PBXBuildFile; fileRef = 519149061E836B58004254E5 /* AppDelegate.m */; };
		5191490A1E836B58004254E5 /* ViewController.m in Sources */ = {isa = PBXBuildFile; fileRef = 519149091E836B58004254E5 /* ViewController.m */; };
		5191490D1E836B58004254E5 /* Main.storyboard in Resources */ = {isa = PBXBuildFile; fileRef = 5191490B1E836B58004254E5 /* Main.storyboard */; };
		5191490F1E836B58004254E5 /* Assets.xcassets in Resources */ = {isa = PBXBuildFile; fileRef = 5191490E1E836B58004254E5 /* Assets.xcassets */; };
		519149121E836B58004254E5 /* LaunchScreen.storyboard in Resources */ = {isa = PBXBuildFile; fileRef = 519149101E836B58004254E5 /* LaunchScreen.storyboard */; };
		5191491D1E836B58004254E5 /* MadelControllerDemoTests.m in Sources */ = {isa = PBXBuildFile; fileRef = 5191491C1E836B58004254E5 /* MadelControllerDemoTests.m */; };
		519149281E836B58004254E5 /* MadelControllerDemoUITests.m in Sources */ = {isa = PBXBuildFile; fileRef = 519149271E836B58004254E5 /* MadelControllerDemoUITests.m */; };
		519149371E836B93004254E5 /* SecondViewController.m in Sources */ = {isa = PBXBuildFile; fileRef = 519149361E836B93004254E5 /* SecondViewController.m */; };
		5191493F1E83930E004254E5 /* UIViewController+XWModal.m in Sources */ = {isa = PBXBuildFile; fileRef = 5191493E1E83930E004254E5 /* UIViewController+XWModal.m */; };
		519149421E83A3A7004254E5 /* QuartzCore.framework in Frameworks */ = {isa = PBXBuildFile; fileRef = 519149411E83A3A7004254E5 /* QuartzCore.framework */; };
		519149451E84B5EF004254E5 /* UIViewController+KNSemiModal.m in Sources */ = {isa = PBXBuildFile; fileRef = 519149441E84B5EF004254E5 /* UIViewController+KNSemiModal.m */; };
		519149541E84EC97004254E5 /* SpecHeadView.m in Sources */ = {isa = PBXBuildFile; fileRef = 519149491E84EC96004254E5 /* SpecHeadView.m */; };
		519149551E84EC97004254E5 /* SpecHeadView.xib in Resources */ = {isa = PBXBuildFile; fileRef = 5191494A1E84EC96004254E5 /* SpecHeadView.xib */; };
		519149561E84EC97004254E5 /* SpecLabelCell.m in Sources */ = {isa = PBXBuildFile; fileRef = 5191494C1E84EC96004254E5 /* SpecLabelCell.m */; };
		519149571E84EC97004254E5 /* SpecLabelCell.xib in Resources */ = {isa = PBXBuildFile; fileRef = 5191494D1E84EC96004254E5 /* SpecLabelCell.xib */; };
		519149581E84EC97004254E5 /* SpecWindowView.m in Sources */ = {isa = PBXBuildFile; fileRef = 5191494F1E84EC96004254E5 /* SpecWindowView.m */; };
		519149591E84EC97004254E5 /* SpecWindowView.xib in Resources */ = {isa = PBXBuildFile; fileRef = 519149501E84EC96004254E5 /* SpecWindowView.xib */; };
		5191495A1E84EC97004254E5 /* testJson.txt in Resources */ = {isa = PBXBuildFile; fileRef = 519149511E84EC97004254E5 /* testJson.txt */; };
		5191495B1E84EC97004254E5 /* UICollectionViewLeftAlignedLayout.m in Sources */ = {isa = PBXBuildFile; fileRef = 519149531E84EC97004254E5 /* UICollectionViewLeftAlignedLayout.m */; };
/* End PBXBuildFile section */

/* Begin PBXContainerItemProxy section */
		519149191E836B58004254E5 /* PBXContainerItemProxy */ = {
			isa = PBXContainerItemProxy;
			containerPortal = 519148F71E836B58004254E5 /* Project object */;
			proxyType = 1;
			remoteGlobalIDString = 519148FE1E836B58004254E5;
			remoteInfo = MadelControllerDemo;
		};
		519149241E836B58004254E5 /* PBXContainerItemProxy */ = {
			isa = PBXContainerItemProxy;
			containerPortal = 519148F71E836B58004254E5 /* Project object */;
			proxyType = 1;
			remoteGlobalIDString = 519148FE1E836B58004254E5;
			remoteInfo = MadelControllerDemo;
		};
/* End PBXContainerItemProxy section */

/* Begin PBXFileReference section */
		519148FF1E836B58004254E5 /* MadelControllerDemo.app */ = {isa = PBXFileReference; explicitFileType = wrapper.application; includeInIndex = 0; path = MadelControllerDemo.app; sourceTree = BUILT_PRODUCTS_DIR; };
		519149031E836B58004254E5 /* main.m */ = {isa = PBXFileReference; lastKnownFileType = sourcecode.c.objc; path = main.m; sourceTree = "<group>"; };
		519149051E836B58004254E5 /* AppDelegate.h */ = {isa = PBXFileReference; lastKnownFileType = sourcecode.c.h; path = AppDelegate.h; sourceTree = "<group>"; };
		519149061E836B58004254E5 /* AppDelegate.m */ = {isa = PBXFileReference; lastKnownFileType = sourcecode.c.objc; path = AppDelegate.m; sourceTree = "<group>"; };
		519149081E836B58004254E5 /* ViewController.h */ = {isa = PBXFileReference; lastKnownFileType = sourcecode.c.h; path = ViewController.h; sourceTree = "<group>"; };
		519149091E836B58004254E5 /* ViewController.m */ = {isa = PBXFileReference; lastKnownFileType = sourcecode.c.objc; path = ViewController.m; sourceTree = "<group>"; };
		5191490C1E836B58004254E5 /* Base */ = {isa = PBXFileReference; lastKnownFileType = file.storyboard; name = Base; path = Base.lproj/Main.storyboard; sourceTree = "<group>"; };
		5191490E1E836B58004254E5 /* Assets.xcassets */ = {isa = PBXFileReference; lastKnownFileType = folder.assetcatalog; path = Assets.xcassets; sourceTree = "<group>"; };
		519149111E836B58004254E5 /* Base */ = {isa = PBXFileReference; lastKnownFileType = file.storyboard; name = Base; path = Base.lproj/LaunchScreen.storyboard; sourceTree = "<group>"; };
		519149131E836B58004254E5 /* Info.plist */ = {isa = PBXFileReference; lastKnownFileType = text.plist.xml; path = Info.plist; sourceTree = "<group>"; };
		519149181E836B58004254E5 /* MadelControllerDemoTests.xctest */ = {isa = PBXFileReference; explicitFileType = wrapper.cfbundle; includeInIndex = 0; path = MadelControllerDemoTests.xctest; sourceTree = BUILT_PRODUCTS_DIR; };
		5191491C1E836B58004254E5 /* MadelControllerDemoTests.m */ = {isa = PBXFileReference; lastKnownFileType = sourcecode.c.objc; path = MadelControllerDemoTests.m; sourceTree = "<group>"; };
		5191491E1E836B58004254E5 /* Info.plist */ = {isa = PBXFileReference; lastKnownFileType = text.plist.xml; path = Info.plist; sourceTree = "<group>"; };
		519149231E836B58004254E5 /* MadelControllerDemoUITests.xctest */ = {isa = PBXFileReference; explicitFileType = wrapper.cfbundle; includeInIndex = 0; path = MadelControllerDemoUITests.xctest; sourceTree = BUILT_PRODUCTS_DIR; };
		519149271E836B58004254E5 /* MadelControllerDemoUITests.m */ = {isa = PBXFileReference; lastKnownFileType = sourcecode.c.objc; path = MadelControllerDemoUITests.m; sourceTree = "<group>"; };
		519149291E836B58004254E5 /* Info.plist */ = {isa = PBXFileReference; lastKnownFileType = text.plist.xml; path = Info.plist; sourceTree = "<group>"; };
		519149351E836B93004254E5 /* SecondViewController.h */ = {isa = PBXFileReference; fileEncoding = 4; lastKnownFileType = sourcecode.c.h; path = SecondViewController.h; sourceTree = "<group>"; };
		519149361E836B93004254E5 /* SecondViewController.m */ = {isa = PBXFileReference; fileEncoding = 4; lastKnownFileType = sourcecode.c.objc; path = SecondViewController.m; sourceTree = "<group>"; };
		5191493D1E83930E004254E5 /* UIViewController+XWModal.h */ = {isa = PBXFileReference; fileEncoding = 4; lastKnownFileType = sourcecode.c.h; path = "UIViewController+XWModal.h"; sourceTree = "<group>"; };
		5191493E1E83930E004254E5 /* UIViewController+XWModal.m */ = {isa = PBXFileReference; fileEncoding = 4; lastKnownFileType = sourcecode.c.objc; path = "UIViewController+XWModal.m"; sourceTree = "<group>"; };
		519149411E83A3A7004254E5 /* QuartzCore.framework */ = {isa = PBXFileReference; lastKnownFileType = wrapper.framework; name = QuartzCore.framework; path = System/Library/Frameworks/QuartzCore.framework; sourceTree = SDKROOT; };
		519149431E84B5EF004254E5 /* UIViewController+KNSemiModal.h */ = {isa = PBXFileReference; fileEncoding = 4; lastKnownFileType = sourcecode.c.h; path = "UIViewController+KNSemiModal.h"; sourceTree = "<group>"; };
		519149441E84B5EF004254E5 /* UIViewController+KNSemiModal.m */ = {isa = PBXFileReference; fileEncoding = 4; lastKnownFileType = sourcecode.c.objc; path = "UIViewController+KNSemiModal.m"; sourceTree = "<group>"; };
		519149481E84EC96004254E5 /* SpecHeadView.h */ = {isa = PBXFileReference; fileEncoding = 4; lastKnownFileType = sourcecode.c.h; path = SpecHeadView.h; sourceTree = "<group>"; };
		519149491E84EC96004254E5 /* SpecHeadView.m */ = {isa = PBXFileReference; fileEncoding = 4; lastKnownFileType = sourcecode.c.objc; path = SpecHeadView.m; sourceTree = "<group>"; };
		5191494A1E84EC96004254E5 /* SpecHeadView.xib */ = {isa = PBXFileReference; fileEncoding = 4; lastKnownFileType = file.xib; path = SpecHeadView.xib; sourceTree = "<group>"; };
		5191494B1E84EC96004254E5 /* SpecLabelCell.h */ = {isa = PBXFileReference; fileEncoding = 4; lastKnownFileType = sourcecode.c.h; path = SpecLabelCell.h; sourceTree = "<group>"; };
		5191494C1E84EC96004254E5 /* SpecLabelCell.m */ = {isa = PBXFileReference; fileEncoding = 4; lastKnownFileType = sourcecode.c.objc; path = SpecLabelCell.m; sourceTree = "<group>"; };
		5191494D1E84EC96004254E5 /* SpecLabelCell.xib */ = {isa = PBXFileReference; fileEncoding = 4; lastKnownFileType = file.xib; path = SpecLabelCell.xib; sourceTree = "<group>"; };
		5191494E1E84EC96004254E5 /* SpecWindowView.h */ = {isa = PBXFileReference; fileEncoding = 4; lastKnownFileType = sourcecode.c.h; path = SpecWindowView.h; sourceTree = "<group>"; };
		5191494F1E84EC96004254E5 /* SpecWindowView.m */ = {isa = PBXFileReference; fileEncoding = 4; lastKnownFileType = sourcecode.c.objc; path = SpecWindowView.m; sourceTree = "<group>"; };
		519149501E84EC96004254E5 /* SpecWindowView.xib */ = {isa = PBXFileReference; fileEncoding = 4; lastKnownFileType = file.xib; path = SpecWindowView.xib; sourceTree = "<group>"; };
		519149511E84EC97004254E5 /* testJson.txt */ = {isa = PBXFileReference; fileEncoding = 4; lastKnownFileType = text; path = testJson.txt; sourceTree = "<group>"; };
		519149521E84EC97004254E5 /* UICollectionViewLeftAlignedLayout.h */ = {isa = PBXFileReference; fileEncoding = 4; lastKnownFileType = sourcecode.c.h; path = UICollectionViewLeftAlignedLayout.h; sourceTree = "<group>"; };
		519149531E84EC97004254E5 /* UICollectionViewLeftAlignedLayout.m */ = {isa = PBXFileReference; fileEncoding = 4; lastKnownFileType = sourcecode.c.objc; path = UICollectionViewLeftAlignedLayout.m; sourceTree = "<group>"; };
/* End PBXFileReference section */

/* Begin PBXFrameworksBuildPhase section */
		519148FC1E836B58004254E5 /* Frameworks */ = {
			isa = PBXFrameworksBuildPhase;
			buildActionMask = 2147483647;
			files = (
				519149421E83A3A7004254E5 /* QuartzCore.framework in Frameworks */,
			);
			runOnlyForDeploymentPostprocessing = 0;
		};
		519149151E836B58004254E5 /* Frameworks */ = {
			isa = PBXFrameworksBuildPhase;
			buildActionMask = 2147483647;
			files = (
			);
			runOnlyForDeploymentPostprocessing = 0;
		};
		519149201E836B58004254E5 /* Frameworks */ = {
			isa = PBXFrameworksBuildPhase;
			buildActionMask = 2147483647;
			files = (
			);
			runOnlyForDeploymentPostprocessing = 0;
		};
/* End PBXFrameworksBuildPhase section */

/* Begin PBXGroup section */
		519148F61E836B58004254E5 = {
			isa = PBXGroup;
			children = (
				519149011E836B58004254E5 /* MadelControllerDemo */,
				5191491B1E836B58004254E5 /* MadelControllerDemoTests */,
				519149261E836B58004254E5 /* MadelControllerDemoUITests */,
				519149001E836B58004254E5 /* Products */,
				519149401E83A3A6004254E5 /* Frameworks */,
			);
			sourceTree = "<group>";
		};
		519149001E836B58004254E5 /* Products */ = {
			isa = PBXGroup;
			children = (
				519148FF1E836B58004254E5 /* MadelControllerDemo.app */,
				519149181E836B58004254E5 /* MadelControllerDemoTests.xctest */,
				519149231E836B58004254E5 /* MadelControllerDemoUITests.xctest */,
			);
			name = Products;
			sourceTree = "<group>";
		};
		519149011E836B58004254E5 /* MadelControllerDemo */ = {
			isa = PBXGroup;
			children = (
				519149471E84EC74004254E5 /* 选择商品页面 */,
				519149391E836BC5004254E5 /* Tools */,
				519149381E836BBA004254E5 /* Controller */,
				519149051E836B58004254E5 /* AppDelegate.h */,
				519149061E836B58004254E5 /* AppDelegate.m */,
				5191490B1E836B58004254E5 /* Main.storyboard */,
				5191490E1E836B58004254E5 /* Assets.xcassets */,
				519149101E836B58004254E5 /* LaunchScreen.storyboard */,
				519149131E836B58004254E5 /* Info.plist */,
				519149021E836B58004254E5 /* Supporting Files */,
			);
			path = MadelControllerDemo;
			sourceTree = "<group>";
		};
		519149021E836B58004254E5 /* Supporting Files */ = {
			isa = PBXGroup;
			children = (
				519149031E836B58004254E5 /* main.m */,
			);
			name = "Supporting Files";
			sourceTree = "<group>";
		};
		5191491B1E836B58004254E5 /* MadelControllerDemoTests */ = {
			isa = PBXGroup;
			children = (
				5191491C1E836B58004254E5 /* MadelControllerDemoTests.m */,
				5191491E1E836B58004254E5 /* Info.plist */,
			);
			path = MadelControllerDemoTests;
			sourceTree = "<group>";
		};
		519149261E836B58004254E5 /* MadelControllerDemoUITests */ = {
			isa = PBXGroup;
			children = (
				519149271E836B58004254E5 /* MadelControllerDemoUITests.m */,
				519149291E836B58004254E5 /* Info.plist */,
			);
			path = MadelControllerDemoUITests;
			sourceTree = "<group>";
		};
		519149381E836BBA004254E5 /* Controller */ = {
			isa = PBXGroup;
			children = (
				519149081E836B58004254E5 /* ViewController.h */,
				519149091E836B58004254E5 /* ViewController.m */,
				519149351E836B93004254E5 /* SecondViewController.h */,
				519149361E836B93004254E5 /* SecondViewController.m */,
			);
			name = Controller;
			sourceTree = "<group>";
		};
		519149391E836BC5004254E5 /* Tools */ = {
			isa = PBXGroup;
			children = (
				519149431E84B5EF004254E5 /* UIViewController+KNSemiModal.h */,
				519149441E84B5EF004254E5 /* UIViewController+KNSemiModal.m */,
				5191493D1E83930E004254E5 /* UIViewController+XWModal.h */,
				5191493E1E83930E004254E5 /* UIViewController+XWModal.m */,
			);
			name = Tools;
			sourceTree = "<group>";
		};
		519149401E83A3A6004254E5 /* Frameworks */ = {
			isa = PBXGroup;
			children = (
				519149411E83A3A7004254E5 /* QuartzCore.framework */,
			);
			name = Frameworks;
			sourceTree = "<group>";
		};
		519149471E84EC74004254E5 /* 选择商品页面 */ = {
			isa = PBXGroup;
			children = (
				519149481E84EC96004254E5 /* SpecHeadView.h */,
				519149491E84EC96004254E5 /* SpecHeadView.m */,
				5191494A1E84EC96004254E5 /* SpecHeadView.xib */,
				5191494B1E84EC96004254E5 /* SpecLabelCell.h */,
				5191494C1E84EC96004254E5 /* SpecLabelCell.m */,
				5191494D1E84EC96004254E5 /* SpecLabelCell.xib */,
				5191494E1E84EC96004254E5 /* SpecWindowView.h */,
				5191494F1E84EC96004254E5 /* SpecWindowView.m */,
				519149501E84EC96004254E5 /* SpecWindowView.xib */,
				519149511E84EC97004254E5 /* testJson.txt */,
				519149521E84EC97004254E5 /* UICollectionViewLeftAlignedLayout.h */,
				519149531E84EC97004254E5 /* UICollectionViewLeftAlignedLayout.m */,
			);
			path = "选择商品页面";
			sourceTree = "<group>";
		};
/* End PBXGroup section */

/* Begin PBXNativeTarget section */
		519148FE1E836B58004254E5 /* MadelControllerDemo */ = {
			isa = PBXNativeTarget;
			buildConfigurationList = 5191492C1E836B58004254E5 /* Build configuration list for PBXNativeTarget "MadelControllerDemo" */;
			buildPhases = (
				519148FB1E836B58004254E5 /* Sources */,
				519148FC1E836B58004254E5 /* Frameworks */,
				519148FD1E836B58004254E5 /* Resources */,
			);
			buildRules = (
			);
			dependencies = (
			);
			name = MadelControllerDemo;
			productName = MadelControllerDemo;
			productReference = 519148FF1E836B58004254E5 /* MadelControllerDemo.app */;
			productType = "com.apple.product-type.application";
		};
		519149171E836B58004254E5 /* MadelControllerDemoTests */ = {
			isa = PBXNativeTarget;
			buildConfigurationList = 5191492F1E836B58004254E5 /* Build configuration list for PBXNativeTarget "MadelControllerDemoTests" */;
			buildPhases = (
				519149141E836B58004254E5 /* Sources */,
				519149151E836B58004254E5 /* Frameworks */,
				519149161E836B58004254E5 /* Resources */,
			);
			buildRules = (
			);
			dependencies = (
				5191491A1E836B58004254E5 /* PBXTargetDependency */,
			);
			name = MadelControllerDemoTests;
			productName = MadelControllerDemoTests;
			productReference = 519149181E836B58004254E5 /* MadelControllerDemoTests.xctest */;
			productType = "com.apple.product-type.bundle.unit-test";
		};
		519149221E836B58004254E5 /* MadelControllerDemoUITests */ = {
			isa = PBXNativeTarget;
			buildConfigurationList = 519149321E836B58004254E5 /* Build configuration list for PBXNativeTarget "MadelControllerDemoUITests" */;
			buildPhases = (
				5191491F1E836B58004254E5 /* Sources */,
				519149201E836B58004254E5 /* Frameworks */,
				519149211E836B58004254E5 /* Resources */,
			);
			buildRules = (
			);
			dependencies = (
				519149251E836B58004254E5 /* PBXTargetDependency */,
			);
			name = MadelControllerDemoUITests;
			productName = MadelControllerDemoUITests;
			productReference = 519149231E836B58004254E5 /* MadelControllerDemoUITests.xctest */;
			productType = "com.apple.product-type.bundle.ui-testing";
		};
/* End PBXNativeTarget section */

/* Begin PBXProject section */
		519148F71E836B58004254E5 /* Project object */ = {
			isa = PBXProject;
			attributes = {
				LastUpgradeCheck = 0820;
				ORGANIZATIONNAME = "大家保";
				TargetAttributes = {
					519148FE1E836B58004254E5 = {
						CreatedOnToolsVersion = 8.2.1;
						ProvisioningStyle = Automatic;
					};
					519149171E836B58004254E5 = {
						CreatedOnToolsVersion = 8.2.1;
						ProvisioningStyle = Automatic;
						TestTargetID = 519148FE1E836B58004254E5;
					};
					519149221E836B58004254E5 = {
						CreatedOnToolsVersion = 8.2.1;
						ProvisioningStyle = Automatic;
						TestTargetID = 519148FE1E836B58004254E5;
					};
				};
			};
			buildConfigurationList = 519148FA1E836B58004254E5 /* Build configuration list for PBXProject "MadelControllerDemo" */;
			compatibilityVersion = "Xcode 3.2";
			developmentRegion = English;
			hasScannedForEncodings = 0;
			knownRegions = (
				en,
				Base,
			);
			mainGroup = 519148F61E836B58004254E5;
			productRefGroup = 519149001E836B58004254E5 /* Products */;
			projectDirPath = "";
			projectRoot = "";
			targets = (
				519148FE1E836B58004254E5 /* MadelControllerDemo */,
				519149171E836B58004254E5 /* MadelControllerDemoTests */,
				519149221E836B58004254E5 /* MadelControllerDemoUITests */,
			);
		};
/* End PBXProject section */

/* Begin PBXResourcesBuildPhase section */
		519148FD1E836B58004254E5 /* Resources */ = {
			isa = PBXResourcesBuildPhase;
			buildActionMask = 2147483647;
			files = (
				519149121E836B58004254E5 /* LaunchScreen.storyboard in Resources */,
				519149591E84EC97004254E5 /* SpecWindowView.xib in Resources */,
				519149551E84EC97004254E5 /* SpecHeadView.xib in Resources */,
				519149571E84EC97004254E5 /* SpecLabelCell.xib in Resources */,
				5191495A1E84EC97004254E5 /* testJson.txt in Resources */,
				5191490F1E836B58004254E5 /* Assets.xcassets in Resources */,
				5191490D1E836B58004254E5 /* Main.storyboard in Resources */,
			);
			runOnlyForDeploymentPostprocessing = 0;
		};
		519149161E836B58004254E5 /* Resources */ = {
			isa = PBXResourcesBuildPhase;
			buildActionMask = 2147483647;
			files = (
			);
			runOnlyForDeploymentPostprocessing = 0;
		};
		519149211E836B58004254E5 /* Resources */ = {
			isa = PBXResourcesBuildPhase;
			buildActionMask = 2147483647;
			files = (
			);
			runOnlyForDeploymentPostprocessing = 0;
		};
/* End PBXResourcesBuildPhase section */

/* Begin PBXSourcesBuildPhase section */
		519148FB1E836B58004254E5 /* Sources */ = {
			isa = PBXSourcesBuildPhase;
			buildActionMask = 2147483647;
			files = (
				519149371E836B93004254E5 /* SecondViewController.m in Sources */,
				519149451E84B5EF004254E5 /* UIViewController+KNSemiModal.m in Sources */,
				5191490A1E836B58004254E5 /* ViewController.m in Sources */,
				519149541E84EC97004254E5 /* SpecHeadView.m in Sources */,
				5191495B1E84EC97004254E5 /* UICollectionViewLeftAlignedLayout.m in Sources */,
				5191493F1E83930E004254E5 /* UIViewController+XWModal.m in Sources */,
				519149561E84EC97004254E5 /* SpecLabelCell.m in Sources */,
				519149071E836B58004254E5 /* AppDelegate.m in Sources */,
				519149041E836B58004254E5 /* main.m in Sources */,
				519149581E84EC97004254E5 /* SpecWindowView.m in Sources */,
			);
			runOnlyForDeploymentPostprocessing = 0;
		};
		519149141E836B58004254E5 /* Sources */ = {
			isa = PBXSourcesBuildPhase;
			buildActionMask = 2147483647;
			files = (
				5191491D1E836B58004254E5 /* MadelControllerDemoTests.m in Sources */,
			);
			runOnlyForDeploymentPostprocessing = 0;
		};
		5191491F1E836B58004254E5 /* Sources */ = {
			isa = PBXSourcesBuildPhase;
			buildActionMask = 2147483647;
			files = (
				519149281E836B58004254E5 /* MadelControllerDemoUITests.m in Sources */,
			);
			runOnlyForDeploymentPostprocessing = 0;
		};
/* End PBXSourcesBuildPhase section */

/* Begin PBXTargetDependency section */
		5191491A1E836B58004254E5 /* PBXTargetDependency */ = {
			isa = PBXTargetDependency;
			target = 519148FE1E836B58004254E5 /* MadelControllerDemo */;
			targetProxy = 519149191E836B58004254E5 /* PBXContainerItemProxy */;
		};
		519149251E836B58004254E5 /* PBXTargetDependency */ = {
			isa = PBXTargetDependency;
			target = 519148FE1E836B58004254E5 /* MadelControllerDemo */;
			targetProxy = 519149241E836B58004254E5 /* PBXContainerItemProxy */;
		};
/* End PBXTargetDependency section */

/* Begin PBXVariantGroup section */
		5191490B1E836B58004254E5 /* Main.storyboard */ = {
			isa = PBXVariantGroup;
			children = (
				5191490C1E836B58004254E5 /* Base */,
			);
			name = Main.storyboard;
			sourceTree = "<group>";
		};
		519149101E836B58004254E5 /* LaunchScreen.storyboard */ = {
			isa = PBXVariantGroup;
			children = (
				519149111E836B58004254E5 /* Base */,
			);
			name = LaunchScreen.storyboard;
			sourceTree = "<group>";
		};
/* End PBXVariantGroup section */

/* Begin XCBuildConfiguration section */
		5191492A1E836B58004254E5 /* Debug */ = {
			isa = XCBuildConfiguration;
			buildSettings = {
				ALWAYS_SEARCH_USER_PATHS = NO;
				CLANG_ANALYZER_NONNULL = YES;
				CLANG_CXX_LANGUAGE_STANDARD = "gnu++0x";
				CLANG_CXX_LIBRARY = "libc++";
				CLANG_ENABLE_MODULES = YES;
				CLANG_ENABLE_OBJC_ARC = YES;
				CLANG_WARN_BOOL_CONVERSION = YES;
				CLANG_WARN_CONSTANT_CONVERSION = YES;
				CLANG_WARN_DIRECT_OBJC_ISA_USAGE = YES_ERROR;
				CLANG_WARN_DOCUMENTATION_COMMENTS = YES;
				CLANG_WARN_EMPTY_BODY = YES;
				CLANG_WARN_ENUM_CONVERSION = YES;
				CLANG_WARN_INFINITE_RECURSION = YES;
				CLANG_WARN_INT_CONVERSION = YES;
				CLANG_WARN_OBJC_ROOT_CLASS = YES_ERROR;
				CLANG_WARN_SUSPICIOUS_MOVE = YES;
				CLANG_WARN_UNREACHABLE_CODE = YES;
				CLANG_WARN__DUPLICATE_METHOD_MATCH = YES;
				"CODE_SIGN_IDENTITY[sdk=iphoneos*]" = "iPhone Developer";
				COPY_PHASE_STRIP = NO;
				DEBUG_INFORMATION_FORMAT = dwarf;
				ENABLE_STRICT_OBJC_MSGSEND = YES;
				ENABLE_TESTABILITY = YES;
				GCC_C_LANGUAGE_STANDARD = gnu99;
				GCC_DYNAMIC_NO_PIC = NO;
				GCC_NO_COMMON_BLOCKS = YES;
				GCC_OPTIMIZATION_LEVEL = 0;
				GCC_PREPROCESSOR_DEFINITIONS = (
					"DEBUG=1",
					"$(inherited)",
				);
				GCC_WARN_64_TO_32_BIT_CONVERSION = YES;
				GCC_WARN_ABOUT_RETURN_TYPE = YES_ERROR;
				GCC_WARN_UNDECLARED_SELECTOR = YES;
				GCC_WARN_UNINITIALIZED_AUTOS = YES_AGGRESSIVE;
				GCC_WARN_UNUSED_FUNCTION = YES;
				GCC_WARN_UNUSED_VARIABLE = YES;
				IPHONEOS_DEPLOYMENT_TARGET = 10.2;
				MTL_ENABLE_DEBUG_INFO = YES;
				ONLY_ACTIVE_ARCH = YES;
				SDKROOT = iphoneos;
			};
			name = Debug;
		};
		5191492B1E836B58004254E5 /* Release */ = {
			isa = XCBuildConfiguration;
			buildSettings = {
				ALWAYS_SEARCH_USER_PATHS = NO;
				CLANG_ANALYZER_NONNULL = YES;
				CLANG_CXX_LANGUAGE_STANDARD = "gnu++0x";
				CLANG_CXX_LIBRARY = "libc++";
				CLANG_ENABLE_MODULES = YES;
				CLANG_ENABLE_OBJC_ARC = YES;
				CLANG_WARN_BOOL_CONVERSION = YES;
				CLANG_WARN_CONSTANT_CONVERSION = YES;
				CLANG_WARN_DIRECT_OBJC_ISA_USAGE = YES_ERROR;
				CLANG_WARN_DOCUMENTATION_COMMENTS = YES;
				CLANG_WARN_EMPTY_BODY = YES;
				CLANG_WARN_ENUM_CONVERSION = YES;
				CLANG_WARN_INFINITE_RECURSION = YES;
				CLANG_WARN_INT_CONVERSION = YES;
				CLANG_WARN_OBJC_ROOT_CLASS = YES_ERROR;
				CLANG_WARN_SUSPICIOUS_MOVE = YES;
				CLANG_WARN_UNREACHABLE_CODE = YES;
				CLANG_WARN__DUPLICATE_METHOD_MATCH = YES;
				"CODE_SIGN_IDENTITY[sdk=iphoneos*]" = "iPhone Developer";
				COPY_PHASE_STRIP = NO;
				DEBUG_INFORMATION_FORMAT = "dwarf-with-dsym";
				ENABLE_NS_ASSERTIONS = NO;
				ENABLE_STRICT_OBJC_MSGSEND = YES;
				GCC_C_LANGUAGE_STANDARD = gnu99;
				GCC_NO_COMMON_BLOCKS = YES;
				GCC_WARN_64_TO_32_BIT_CONVERSION = YES;
				GCC_WARN_ABOUT_RETURN_TYPE = YES_ERROR;
				GCC_WARN_UNDECLARED_SELECTOR = YES;
				GCC_WARN_UNINITIALIZED_AUTOS = YES_AGGRESSIVE;
				GCC_WARN_UNUSED_FUNCTION = YES;
				GCC_WARN_UNUSED_VARIABLE = YES;
				IPHONEOS_DEPLOYMENT_TARGET = 10.2;
				MTL_ENABLE_DEBUG_INFO = NO;
				SDKROOT = iphoneos;
				VALIDATE_PRODUCT = YES;
			};
			name = Release;
		};
		5191492D1E836B58004254E5 /* Debug */ = {
			isa = XCBuildConfiguration;
			buildSettings = {
				ASSETCATALOG_COMPILER_APPICON_NAME = AppIcon;
				INFOPLIST_FILE = MadelControllerDemo/Info.plist;
				IPHONEOS_DEPLOYMENT_TARGET = 8.0;
				LD_RUNPATH_SEARCH_PATHS = "$(inherited) @executable_path/Frameworks";
				PRODUCT_BUNDLE_IDENTIFIER = com.dajiabao.MadelControllerDemo;
				PRODUCT_NAME = "$(TARGET_NAME)";
			};
			name = Debug;
		};
		5191492E1E836B58004254E5 /* Release */ = {
			isa = XCBuildConfiguration;
			buildSettings = {
				ASSETCATALOG_COMPILER_APPICON_NAME = AppIcon;
				INFOPLIST_FILE = MadelControllerDemo/Info.plist;
				IPHONEOS_DEPLOYMENT_TARGET = 8.0;
				LD_RUNPATH_SEARCH_PATHS = "$(inherited) @executable_path/Frameworks";
				PRODUCT_BUNDLE_IDENTIFIER = com.dajiabao.MadelControllerDemo;
				PRODUCT_NAME = "$(TARGET_NAME)";
			};
			name = Release;
		};
		519149301E836B58004254E5 /* Debug */ = {
			isa = XCBuildConfiguration;
			buildSettings = {
				BUNDLE_LOADER = "$(TEST_HOST)";
				INFOPLIST_FILE = MadelControllerDemoTests/Info.plist;
				LD_RUNPATH_SEARCH_PATHS = "$(inherited) @executable_path/Frameworks @loader_path/Frameworks";
				PRODUCT_BUNDLE_IDENTIFIER = com.dajiabao.MadelControllerDemoTests;
				PRODUCT_NAME = "$(TARGET_NAME)";
				TEST_HOST = "$(BUILT_PRODUCTS_DIR)/MadelControllerDemo.app/MadelControllerDemo";
			};
			name = Debug;
		};
		519149311E836B58004254E5 /* Release */ = {
			isa = XCBuildConfiguration;
			buildSettings = {
				BUNDLE_LOADER = "$(TEST_HOST)";
				INFOPLIST_FILE = MadelControllerDemoTests/Info.plist;
				LD_RUNPATH_SEARCH_PATHS = "$(inherited) @executable_path/Frameworks @loader_path/Frameworks";
				PRODUCT_BUNDLE_IDENTIFIER = com.dajiabao.MadelControllerDemoTests;
				PRODUCT_NAME = "$(TARGET_NAME)";
				TEST_HOST = "$(BUILT_PRODUCTS_DIR)/MadelControllerDemo.app/MadelControllerDemo";
			};
			name = Release;
		};
		519149331E836B58004254E5 /* Debug */ = {
			isa = XCBuildConfiguration;
			buildSettings = {
				INFOPLIST_FILE = MadelControllerDemoUITests/Info.plist;
				LD_RUNPATH_SEARCH_PATHS = "$(inherited) @executable_path/Frameworks @loader_path/Frameworks";
				PRODUCT_BUNDLE_IDENTIFIER = com.dajiabao.MadelControllerDemoUITests;
				PRODUCT_NAME = "$(TARGET_NAME)";
				TEST_TARGET_NAME = MadelControllerDemo;
			};
			name = Debug;
		};
		519149341E836B58004254E5 /* Release */ = {
			isa = XCBuildConfiguration;
			buildSettings = {
				INFOPLIST_FILE = MadelControllerDemoUITests/Info.plist;
				LD_RUNPATH_SEARCH_PATHS = "$(inherited) @executable_path/Frameworks @loader_path/Frameworks";
				PRODUCT_BUNDLE_IDENTIFIER = com.dajiabao.MadelControllerDemoUITests;
				PRODUCT_NAME = "$(TARGET_NAME)";
				TEST_TARGET_NAME = MadelControllerDemo;
			};
			name = Release;
		};
/* End XCBuildConfiguration section */

/* Begin XCConfigurationList section */
		519148FA1E836B58004254E5 /* Build configuration list for PBXProject "MadelControllerDemo" */ = {
			isa = XCConfigurationList;
			buildConfigurations = (
				5191492A1E836B58004254E5 /* Debug */,
				5191492B1E836B58004254E5 /* Release */,
			);
			defaultConfigurationIsVisible = 0;
			defaultConfigurationName = Release;
		};
		5191492C1E836B58004254E5 /* Build configuration list for PBXNativeTarget "MadelControllerDemo" */ = {
			isa = XCConfigurationList;
			buildConfigurations = (
				5191492D1E836B58004254E5 /* Debug */,
				5191492E1E836B58004254E5 /* Release */,
			);
			defaultConfigurationIsVisible = 0;
			defaultConfigurationName = Release;
		};
		5191492F1E836B58004254E5 /* Build configuration list for PBXNativeTarget "MadelControllerDemoTests" */ = {
			isa = XCConfigurationList;
			buildConfigurations = (
				519149301E836B58004254E5 /* Debug */,
				519149311E836B58004254E5 /* Release */,
			);
			defaultConfigurationIsVisible = 0;
			defaultConfigurationName = Release;
		};
		519149321E836B58004254E5 /* Build configuration list for PBXNativeTarget "MadelControllerDemoUITests" */ = {
			isa = XCConfigurationList;
			buildConfigurations = (
				519149331E836B58004254E5 /* Debug */,
				519149341E836B58004254E5 /* Release */,
			);
			defaultConfigurationIsVisible = 0;
			defaultConfigurationName = Release;
		};
/* End XCConfigurationList section */
	};
	rootObject = 519148F71E836B58004254E5 /* Project object */;
}
